
Microsoft Visual Studio Solution File, Format Version 12.00
# Visual Studio Version 16
VisualStudioVersion = 16.0.28803.202
MinimumVisualStudioVersion = 10.0.40219.1
Project("{FAE04EC0-301F-11D3-BF4B-00C04F79EFBC}") = "TestMod", "TestMod.csproj", "{5F4DAE3F-D33F-4A58-9154-15D3447AD277}"
EndProject
Global
	GlobalSection(SolutionConfigurationPlatforms) = preSolution
		Debug|Any CPU = Debug|Any CPU
		Release|Any CPU = Release|Any CPU
	EndGlobalSection
	GlobalSection(ProjectConfigurationPlatforms) = postSolution
		{5F4DAE3F-D33F-4A58-9154-15D3447AD277}.Debug|Any CPU.ActiveCfg = Debug|Any CPU
		{5F4DAE3F-D33F-4A58-9154-15D3447AD277}.Debug|Any CPU.Build.0 = Debug|Any CPU
		{5F4DAE3F-D33F-4A58-9154-15D3447AD277}.Release|Any CPU.ActiveCfg = Release|Any CPU
		{5F4DAE3F-D33F-4A58-9154-15D3447AD277}.Release|Any CPU.Build.0 = Release|Any CPU
	EndGlobalSection
	GlobalSection(SolutionProperties) = preSolution
		HideSolutionNode = FALSE
	EndGlobalSection
	GlobalSection(ExtensibilityGlobals) = postSolution
		SolutionGuid = {AE37ACAA-1B59-4593-8BC4-DABD0537B26A}
	EndGlobalSection
EndGlobal
